<?xml version="1.0" encoding="utf-8"?>
<Project ToolsVersion="4.0" xmlns="http://schemas.microsoft.com/developer/msbuild/2003">
  <ItemGroup>
    <Filter Include="源文件">
      <UniqueIdentifier>{4FC737F1-C7A5-4376-A066-2A32D752A2FF}</UniqueIdentifier>
      <Extensions>cpp;c;cc;cxx;c++;cppm;ixx;def;odl;idl;hpj;bat;asm;asmx</Extensions>
    </Filter>
    <Filter Include="头文件">
      <UniqueIdentifier>{93995380-89BD-4b04-88EB-625FBE52EBFB}</UniqueIdentifier>
      <Extensions>h;hh;hpp;hxx;h++;hm;inl;inc;ipp;xsd</Extensions>
    </Filter>
    <Filter Include="资源文件">
      <UniqueIdentifier>{67DA6AB6-F800-4c08-8B7A-83BB121AAD01}</UniqueIdentifier>
      <Extensions>rc;ico;cur;bmp;dlg;rc2;rct;bin;rgs;gif;jpg;jpeg;jpe;resx;tiff;tif;png;wav;mfcribbon-ms</Extensions>
    </Filter>
    <Filter Include="资源文件\photo">
      <UniqueIdentifier>{844acd8f-2f00-4565-94fc-9ad621659e75}</UniqueIdentifier>
    </Filter>
    <Filter Include="资源文件\shader">
      <UniqueIdentifier>{1307a5b9-23dd-484c-8953-45dca5e187c5}</UniqueIdentifier>
    </Filter>
    <Filter Include="资源文件\vertices">
      <UniqueIdentifier>{7fa70e38-2182-4346-b2d4-0c5cab1d3ce9}</UniqueIdentifier>
    </Filter>
    <Filter Include="资源文件\photo\skybox">
      <UniqueIdentifier>{b53f82cb-135a-4b20-9a23-cafa933bab1a}</UniqueIdentifier>
    </Filter>
  </ItemGroup>
  <ItemGroup>
    <ClInclude Include="shader.h">
      <Filter>头文件</Filter>
    </ClInclude>
    <ClInclude Include="Camera.h">
      <Filter>头文件</Filter>
    </ClInclude>
    <ClInclude Include="utils.h">
      <Filter>头文件</Filter>
    </ClInclude>
    <ClInclude Include="stb_image.h">
      <Filter>头文件</Filter>
    </ClInclude>
  </ItemGroup>
  <ItemGroup>
    <ClCompile Include="glad.c">
      <Filter>源文件</Filter>
    </ClCompile>
    <ClCompile Include="shader.cpp">
      <Filter>源文件</Filter>
    </ClCompile>
    <ClCompile Include="main.cpp">
      <Filter>源文件</Filter>
    </ClCompile>
    <ClCompile Include="Camera.cpp">
      <Filter>源文件</Filter>
    </ClCompile>
    <ClCompile Include="utils.cpp">
      <Filter>源文件</Filter>
    </ClCompile>
  </ItemGroup>
  <ItemGroup>
    <None Include="shader\colorCube.fs">
      <Filter>资源文件\shader</Filter>
    </None>
    <None Include="shader\colorCube.vs">
      <Filter>资源文件\shader</Filter>
    </None>
    <None Include="shader\frame.fs">
      <Filter>资源文件\shader</Filter>
    </None>
    <None Include="shader\frame.vs">
      <Filter>资源文件\shader</Filter>
    </None>
    <None Include="shader\light.fs">
      <Filter>资源文件\shader</Filter>
    </None>
    <None Include="shader\light.vs">
      <Filter>资源文件\shader</Filter>
    </None>
    <None Include="shader\multiple_light.fs">
      <Filter>资源文件\shader</Filter>
    </None>
    <None Include="shader\multiple_light.vs">
      <Filter>资源文件\shader</Filter>
    </None>
    <None Include="shader\screen.fs">
      <Filter>资源文件\shader</Filter>
    </None>
    <None Include="shader\screen.vs">
      <Filter>资源文件\shader</Filter>
    </None>
    <None Include="shader\transparent.fs">
      <Filter>资源文件\shader</Filter>
    </None>
    <None Include="shader\transparent.vs">
      <Filter>资源文件\shader</Filter>
    </None>
    <None Include="shader\skybox.fs">
      <Filter>资源文件\shader</Filter>
    </None>
    <None Include="shader\skybox.vs">
      <Filter>资源文件\shader</Filter>
    </None>
    <None Include="shader\reflect.fs">
      <Filter>资源文件\shader</Filter>
    </None>
    <None Include="shader\reflect.vs">
      <Filter>资源文件\shader</Filter>
    </None>
    <None Include="shader\refract.fs">
      <Filter>资源文件\shader</Filter>
    </None>
    <None Include="shader\refract.vs">
      <Filter>资源文件\shader</Filter>
    </None>
  </ItemGroup>
  <ItemGroup>
    <Image Include="photo\blending_transparent_window.png">
      <Filter>资源文件\photo</Filter>
    </Image>
    <Image Include="photo\container2.png">
      <Filter>资源文件\photo</Filter>
    </Image>
    <Image Include="photo\container2_specular.png">
      <Filter>资源文件\photo</Filter>
    </Image>
    <Image Include="photo\matrix.jpg">
      <Filter>资源文件\photo</Filter>
    </Image>
    <Image Include="photo\skybox\back.jpg">
      <Filter>资源文件\photo\skybox</Filter>
    </Image>
    <Image Include="photo\skybox\bottom.jpg">
      <Filter>资源文件\photo\skybox</Filter>
    </Image>
    <Image Include="photo\skybox\front.jpg">
      <Filter>资源文件\photo\skybox</Filter>
    </Image>
    <Image Include="photo\skybox\left.jpg">
      <Filter>资源文件\photo\skybox</Filter>
    </Image>
    <Image Include="photo\skybox\right.jpg">
      <Filter>资源文件\photo\skybox</Filter>
    </Image>
    <Image Include="photo\skybox\top.jpg">
      <Filter>资源文件\photo\skybox</Filter>
    </Image>
  </ItemGroup>
  <ItemGroup>
    <Text Include="vertices\10_box.txt">
      <Filter>资源文件\vertices</Filter>
    </Text>
    <Text Include="vertices\quadVertices.txt">
      <Filter>资源文件\vertices</Filter>
    </Text>
    <Text Include="vertices\vertices_p.txt">
      <Filter>资源文件\vertices</Filter>
    </Text>
    <Text Include="vertices\vertices_pn.txt">
      <Filter>资源文件\vertices</Filter>
    </Text>
    <Text Include="vertices\vertices_pnt.txt">
      <Filter>资源文件\vertices</Filter>
    </Text>
    <Text Include="vertices\window.txt">
      <Filter>资源文件\vertices</Filter>
    </Text>
    <Text Include="vertices\skybox.txt">
      <Filter>资源文件\vertices</Filter>
    </Text>
  </ItemGroup>
</Project>